
Microsoft Visual Studio Solution File, Format Version 12.00
Project("{FAE04EC0-301F-11D3-BF4B-00C04F79EFBC}") = "Blocktrader.Explorer", "Blocktrader.Explorer\Blocktrader.Explorer.csproj", "{7E3F7EE5-BFA2-4B32-AF8F-FFA6A3A0D08F}"
EndProject
Project("{FAE04EC0-301F-11D3-BF4B-00C04F79EFBC}") = "Blocktrader", "Blocktrader\Blocktrader.csproj", "{41735B93-23C6-48E3-A4E0-DB8CD633C380}"
EndProject
Project("{FAE04EC0-301F-11D3-BF4B-00C04F79EFBC}") = "Blocktrader.Api", "Blocktrader.Api\Blocktrader.Api.csproj", "{A2BA5578-E481-45E1-8997-1E34D10B2426}"
EndProject
Project("{FAE04EC0-301F-11D3-BF4B-00C04F79EFBC}") = "Blocktrader.Worker", "Blocktrader.Worker\Blocktrader.Worker.csproj", "{8CD76DA7-84AB-4075-A17C-079A141EA85C}"
EndProject
Project("{FAE04EC0-301F-11D3-BF4B-00C04F79EFBC}") = "Blocktrader.Tests", "Blocktrader.Tests\Blocktrader.Tests.csproj", "{DD913BB5-8E3A-41A7-A057-DFC72CCE986A}"
EndProject
Project("{FAE04EC0-301F-11D3-BF4B-00C04F79EFBC}") = "Prophecy", "Prophecy\Prophecy.csproj", "{BFD059E8-BC0B-427D-BEFE-9ACF9F63D52C}"
EndProject
Global
	GlobalSection(SolutionConfigurationPlatforms) = preSolution
		Debug|Any CPU = Debug|Any CPU
		Release|Any CPU = Release|Any CPU
	EndGlobalSection
	GlobalSection(ProjectConfigurationPlatforms) = postSolution
		{7E3F7EE5-BFA2-4B32-AF8F-FFA6A3A0D08F}.Debug|Any CPU.ActiveCfg = Debug|Any CPU
		{7E3F7EE5-BFA2-4B32-AF8F-FFA6A3A0D08F}.Debug|Any CPU.Build.0 = Debug|Any CPU
		{7E3F7EE5-BFA2-4B32-AF8F-FFA6A3A0D08F}.Release|Any CPU.ActiveCfg = Release|Any CPU
		{7E3F7EE5-BFA2-4B32-AF8F-FFA6A3A0D08F}.Release|Any CPU.Build.0 = Release|Any CPU
		{41735B93-23C6-48E3-A4E0-DB8CD633C380}.Debug|Any CPU.ActiveCfg = Debug|Any CPU
		{41735B93-23C6-48E3-A4E0-DB8CD633C380}.Debug|Any CPU.Build.0 = Debug|Any CPU
		{41735B93-23C6-48E3-A4E0-DB8CD633C380}.Release|Any CPU.ActiveCfg = Release|Any CPU
		{41735B93-23C6-48E3-A4E0-DB8CD633C380}.Release|Any CPU.Build.0 = Release|Any CPU
		{A2BA5578-E481-45E1-8997-1E34D10B2426}.Debug|Any CPU.ActiveCfg = Debug|Any CPU
		{A2BA5578-E481-45E1-8997-1E34D10B2426}.Debug|Any CPU.Build.0 = Debug|Any CPU
		{A2BA5578-E481-45E1-8997-1E34D10B2426}.Release|Any CPU.ActiveCfg = Release|Any CPU
		{A2BA5578-E481-45E1-8997-1E34D10B2426}.Release|Any CPU.Build.0 = Release|Any CPU
		{8CD76DA7-84AB-4075-A17C-079A141EA85C}.Debug|Any CPU.ActiveCfg = Debug|Any CPU
		{8CD76DA7-84AB-4075-A17C-079A141EA85C}.Debug|Any CPU.Build.0 = Debug|Any CPU
		{8CD76DA7-84AB-4075-A17C-079A141EA85C}.Release|Any CPU.ActiveCfg = Release|Any CPU
		{8CD76DA7-84AB-4075-A17C-079A141EA85C}.Release|Any CPU.Build.0 = Release|Any CPU
		{DD913BB5-8E3A-41A7-A057-DFC72CCE986A}.Debug|Any CPU.ActiveCfg = Debug|Any CPU
		{DD913BB5-8E3A-41A7-A057-DFC72CCE986A}.Debug|Any CPU.Build.0 = Debug|Any CPU
		{DD913BB5-8E3A-41A7-A057-DFC72CCE986A}.Release|Any CPU.ActiveCfg = Release|Any CPU
		{DD913BB5-8E3A-41A7-A057-DFC72CCE986A}.Release|Any CPU.Build.0 = Release|Any CPU
		{BFD059E8-BC0B-427D-BEFE-9ACF9F63D52C}.Debug|Any CPU.ActiveCfg = Debug|Any CPU
		{BFD059E8-BC0B-427D-BEFE-9ACF9F63D52C}.Debug|Any CPU.Build.0 = Debug|Any CPU
		{BFD059E8-BC0B-427D-BEFE-9ACF9F63D52C}.Release|Any CPU.ActiveCfg = Release|Any CPU
		{BFD059E8-BC0B-427D-BEFE-9ACF9F63D52C}.Release|Any CPU.Build.0 = Release|Any CPU
	EndGlobalSection
EndGlobal
