
Microsoft Visual Studio Solution File, Format Version 12.00
Project("{FAE04EC0-301F-11D3-BF4B-00C04F79EFBC}") = "Prophecy.Api", "Prophecy.Api\Prophecy.Api.csproj", "{BFD059E8-BC0B-427D-BEFE-9ACF9F63D52C}"
EndProject
Global
	GlobalSection(SolutionConfigurationPlatforms) = preSolution
		Debug|Any CPU = Debug|Any CPU
		Release|Any CPU = Release|Any CPU
	EndGlobalSection
	GlobalSection(ProjectConfigurationPlatforms) = postSolution
		{BFD059E8-BC0B-427D-BEFE-9ACF9F63D52C}.Debug|Any CPU.ActiveCfg = Debug|Any CPU
		{BFD059E8-BC0B-427D-BEFE-9ACF9F63D52C}.Debug|Any CPU.Build.0 = Debug|Any CPU
		{BFD059E8-BC0B-427D-BEFE-9ACF9F63D52C}.Release|Any CPU.ActiveCfg = Release|Any CPU
		{BFD059E8-BC0B-427D-BEFE-9ACF9F63D52C}.Release|Any CPU.Build.0 = Release|Any CPU
	EndGlobalSection
EndGlobal
